
Microsoft Visual Studio Solution File, Format Version 12.00
# Visual Studio Version 16
VisualStudioVersion = 16.0.30204.135
MinimumVisualStudioVersion = 10.0.40219.1
Project("{888888A0-9F3D-457C-B088-3A5042F75D52}") = "Symulacja A4 alt", "Symulacja A4 alt\Symulacja A4 alt.pyproj", "{B2D2A459-CB3F-408E-AF2E-DFFC21E81699}"
EndProject
Global
	GlobalSection(SolutionConfigurationPlatforms) = preSolution
		Debug|Any CPU = Debug|Any CPU
		Release|Any CPU = Release|Any CPU
	EndGlobalSection
	GlobalSection(ProjectConfigurationPlatforms) = postSolution
		{B2D2A459-CB3F-408E-AF2E-DFFC21E81699}.Debug|Any CPU.ActiveCfg = Debug|Any CPU
		{B2D2A459-CB3F-408E-AF2E-DFFC21E81699}.Release|Any CPU.ActiveCfg = Release|Any CPU
	EndGlobalSection
	GlobalSection(SolutionProperties) = preSolution
		HideSolutionNode = FALSE
	EndGlobalSection
	GlobalSection(ExtensibilityGlobals) = postSolution
		SolutionGuid = {12C787EA-1450-4876-A2F5-8AEB4D3FC27D}
	EndGlobalSection
EndGlobal
